
Microsoft Visual Studio Solution File, Format Version 12.00
# Visual Studio 15
VisualStudioVersion = 15.0.26730.16
MinimumVisualStudioVersion = 10.0.40219.1
Project("{FAE04EC0-301F-11D3-BF4B-00C04F79EFBC}") = "SimpleFactoryPattern", "SimpleFactoryPattern\SimpleFactoryPattern.csproj", "{C9090396-2A6D-4F5D-AF12-BF132FBFB2A6}"
EndProject
Project("{FAE04EC0-301F-11D3-BF4B-00C04F79EFBC}") = "Strategy", "Strategy\Strategy.csproj", "{2166EAB8-1721-4B62-8227-5CB404D539BE}"
EndProject
Project("{FAE04EC0-301F-11D3-BF4B-00C04F79EFBC}") = "DecoratorPattern", "DecoratorPattern\DecoratorPattern.csproj", "{5E1F2C57-E881-4001-99B9-28839CFC31C9}"
EndProject
Global
	GlobalSection(SolutionConfigurationPlatforms) = preSolution
		Debug|Any CPU = Debug|Any CPU
		Release|Any CPU = Release|Any CPU
	EndGlobalSection
	GlobalSection(ProjectConfigurationPlatforms) = postSolution
		{C9090396-2A6D-4F5D-AF12-BF132FBFB2A6}.Debug|Any CPU.ActiveCfg = Debug|Any CPU
		{C9090396-2A6D-4F5D-AF12-BF132FBFB2A6}.Debug|Any CPU.Build.0 = Debug|Any CPU
		{C9090396-2A6D-4F5D-AF12-BF132FBFB2A6}.Release|Any CPU.ActiveCfg = Release|Any CPU
		{C9090396-2A6D-4F5D-AF12-BF132FBFB2A6}.Release|Any CPU.Build.0 = Release|Any CPU
		{2166EAB8-1721-4B62-8227-5CB404D539BE}.Debug|Any CPU.ActiveCfg = Debug|Any CPU
		{2166EAB8-1721-4B62-8227-5CB404D539BE}.Debug|Any CPU.Build.0 = Debug|Any CPU
		{2166EAB8-1721-4B62-8227-5CB404D539BE}.Release|Any CPU.ActiveCfg = Release|Any CPU
		{2166EAB8-1721-4B62-8227-5CB404D539BE}.Release|Any CPU.Build.0 = Release|Any CPU
		{5E1F2C57-E881-4001-99B9-28839CFC31C9}.Debug|Any CPU.ActiveCfg = Debug|Any CPU
		{5E1F2C57-E881-4001-99B9-28839CFC31C9}.Debug|Any CPU.Build.0 = Debug|Any CPU
		{5E1F2C57-E881-4001-99B9-28839CFC31C9}.Release|Any CPU.ActiveCfg = Release|Any CPU
		{5E1F2C57-E881-4001-99B9-28839CFC31C9}.Release|Any CPU.Build.0 = Release|Any CPU
	EndGlobalSection
	GlobalSection(SolutionProperties) = preSolution
		HideSolutionNode = FALSE
	EndGlobalSection
	GlobalSection(ExtensibilityGlobals) = postSolution
		SolutionGuid = {403A857D-98F4-4D56-8D23-A102B3153603}
	EndGlobalSection
EndGlobal
